
Microsoft Visual Studio Solution File, Format Version 12.00
# Visual Studio Version 17
VisualStudioVersion = 17.13.35825.156 d17.13
MinimumVisualStudioVersion = 10.0.40219.1
Project("{54A90642-561A-4BB1-A94E-469ADEE60C69}") = "javascript_6", "javascript_6\javascript_6.esproj", "{C0AF9C9C-52E2-514C-774C-63A06AE7C06E}"
EndProject
Global
	GlobalSection(SolutionConfigurationPlatforms) = preSolution
		Debug|Any CPU = Debug|Any CPU
		Release|Any CPU = Release|Any CPU
	EndGlobalSection
	GlobalSection(ProjectConfigurationPlatforms) = postSolution
		{C0AF9C9C-52E2-514C-774C-63A06AE7C06E}.Debug|Any CPU.ActiveCfg = Debug|Any CPU
		{C0AF9C9C-52E2-514C-774C-63A06AE7C06E}.Debug|Any CPU.Build.0 = Debug|Any CPU
		{C0AF9C9C-52E2-514C-774C-63A06AE7C06E}.Debug|Any CPU.Deploy.0 = Debug|Any CPU
		{C0AF9C9C-52E2-514C-774C-63A06AE7C06E}.Release|Any CPU.ActiveCfg = Release|Any CPU
		{C0AF9C9C-52E2-514C-774C-63A06AE7C06E}.Release|Any CPU.Build.0 = Release|Any CPU
		{C0AF9C9C-52E2-514C-774C-63A06AE7C06E}.Release|Any CPU.Deploy.0 = Release|Any CPU
	EndGlobalSection
	GlobalSection(SolutionProperties) = preSolution
		HideSolutionNode = FALSE
	EndGlobalSection
	GlobalSection(ExtensibilityGlobals) = postSolution
		SolutionGuid = {7D1B9CF2-B57F-4B5C-9B77-06B6390FC325}
	EndGlobalSection
EndGlobal
